{
  "object": {
    "pins": [
      {
        "package": "AlertifySwift",
        "repositoryURL": "https://github.com/manthan127/AlertifySwift",
        "state": {
          "branch": "main",
          "revision": "8dd239e9649964aeae64f74386702b4e306c029e",
          "version": null
        }
      }
    ]
  },
  "version": 1
}
